
Microsoft Visual Studio Solution File, Format Version 12.00
# Visual Studio Version 16
VisualStudioVersion = 16.0.31129.286
MinimumVisualStudioVersion = 10.0.40219.1
Project("{FAE04EC0-301F-11D3-BF4B-00C04F79EFBC}") = "Routine.App", "Routine.App\Routine.App.csproj", "{0C80B604-04DD-4677-AB77-03E3602317EA}"
EndProject
Global
	GlobalSection(SolutionConfigurationPlatforms) = preSolution
		Debug|Any CPU = Debug|Any CPU
		Release|Any CPU = Release|Any CPU
	EndGlobalSection
	GlobalSection(ProjectConfigurationPlatforms) = postSolution
		{0C80B604-04DD-4677-AB77-03E3602317EA}.Debug|Any CPU.ActiveCfg = Debug|Any CPU
		{0C80B604-04DD-4677-AB77-03E3602317EA}.Debug|Any CPU.Build.0 = Debug|Any CPU
		{0C80B604-04DD-4677-AB77-03E3602317EA}.Release|Any CPU.ActiveCfg = Release|Any CPU
		{0C80B604-04DD-4677-AB77-03E3602317EA}.Release|Any CPU.Build.0 = Release|Any CPU
	EndGlobalSection
	GlobalSection(SolutionProperties) = preSolution
		HideSolutionNode = FALSE
	EndGlobalSection
	GlobalSection(ExtensibilityGlobals) = postSolution
		SolutionGuid = {3B047596-1940-4EF6-A055-774EA551533A}
	EndGlobalSection
EndGlobal
